
Microsoft Visual Studio Solution File, Format Version 12.00
# Visual Studio Version 16
VisualStudioVersion = 16.0.30517.126
MinimumVisualStudioVersion = 10.0.40219.1
Project("{FAE04EC0-301F-11D3-BF4B-00C04F79EFBC}") = "Practica-Unidad10", "Practica-Unidad10\Practica-Unidad10.csproj", "{4753E930-A5D1-4FD5-AB73-D836696BFE12}"
EndProject
Global
	GlobalSection(SolutionConfigurationPlatforms) = preSolution
		Debug|Any CPU = Debug|Any CPU
		Release|Any CPU = Release|Any CPU
	EndGlobalSection
	GlobalSection(ProjectConfigurationPlatforms) = postSolution
		{4753E930-A5D1-4FD5-AB73-D836696BFE12}.Debug|Any CPU.ActiveCfg = Debug|Any CPU
		{4753E930-A5D1-4FD5-AB73-D836696BFE12}.Debug|Any CPU.Build.0 = Debug|Any CPU
		{4753E930-A5D1-4FD5-AB73-D836696BFE12}.Release|Any CPU.ActiveCfg = Release|Any CPU
		{4753E930-A5D1-4FD5-AB73-D836696BFE12}.Release|Any CPU.Build.0 = Release|Any CPU
	EndGlobalSection
	GlobalSection(SolutionProperties) = preSolution
		HideSolutionNode = FALSE
	EndGlobalSection
	GlobalSection(ExtensibilityGlobals) = postSolution
		SolutionGuid = {C2E76B5B-4E2C-4469-B6EE-D1478F40A34A}
	EndGlobalSection
EndGlobal
